
Microsoft Visual Studio Solution File, Format Version 12.00
# Visual Studio 15
VisualStudioVersion = 15.0.28307.1321
MinimumVisualStudioVersion = 10.0.40219.1
Project("{FAE04EC0-301F-11D3-BF4B-00C04F79EFBC}") = "CashCount", "CashCount\CashCount.csproj", "{1FFA1CF2-0DCC-4010-8AFB-5DA9290C6F05}"
EndProject
Global
	GlobalSection(SolutionConfigurationPlatforms) = preSolution
		Debug|Any CPU = Debug|Any CPU
		Release|Any CPU = Release|Any CPU
	EndGlobalSection
	GlobalSection(ProjectConfigurationPlatforms) = postSolution
		{1FFA1CF2-0DCC-4010-8AFB-5DA9290C6F05}.Debug|Any CPU.ActiveCfg = Debug|Any CPU
		{1FFA1CF2-0DCC-4010-8AFB-5DA9290C6F05}.Debug|Any CPU.Build.0 = Debug|Any CPU
		{1FFA1CF2-0DCC-4010-8AFB-5DA9290C6F05}.Debug|Any CPU.Deploy.0 = Debug|Any CPU
		{1FFA1CF2-0DCC-4010-8AFB-5DA9290C6F05}.Release|Any CPU.ActiveCfg = Release|Any CPU
		{1FFA1CF2-0DCC-4010-8AFB-5DA9290C6F05}.Release|Any CPU.Build.0 = Release|Any CPU
		{1FFA1CF2-0DCC-4010-8AFB-5DA9290C6F05}.Release|Any CPU.Deploy.0 = Release|Any CPU
	EndGlobalSection
	GlobalSection(SolutionProperties) = preSolution
		HideSolutionNode = FALSE
	EndGlobalSection
	GlobalSection(ExtensibilityGlobals) = postSolution
		SolutionGuid = {A26B961C-8EF1-484D-A25D-6E0B84CEDAE0}
	EndGlobalSection
EndGlobal
